
Microsoft Visual Studio Solution File, Format Version 12.00
Project("{2150E333-8FDC-42A3-9474-1A3956D46DE8}") = "src", "src", "{1AB9CFD5-821E-47D3-8C9B-763DE9227ABC}"
EndProject
Project("{2150E333-8FDC-42A3-9474-1A3956D46DE8}") = "test", "test", "{15095B91-DE4D-4775-9C2F-3E1BDA75D218}"
EndProject
Project("{FAE04EC0-301F-11D3-BF4B-00C04F79EFBC}") = "Day01.Tests", "test\Day01.Tests\Day01.Tests.csproj", "{96E318FC-393A-40DA-A12C-B814A6D45963}"
EndProject
Project("{FAE04EC0-301F-11D3-BF4B-00C04F79EFBC}") = "Day01", "src\Day01\Day01.csproj", "{00C71EDF-F837-4A15-AC52-8112808ACDA8}"
EndProject
Project("{FAE04EC0-301F-11D3-BF4B-00C04F79EFBC}") = "Day02", "src\Day02\Day02.csproj", "{C9D46B65-67A7-435F-A3A1-1141811AD1B0}"
EndProject
Project("{FAE04EC0-301F-11D3-BF4B-00C04F79EFBC}") = "Day02.Tests", "test\Day02.Tests\Day02.Tests.csproj", "{0FF0EB89-CA64-48A4-A1E8-94305BED6C21}"
EndProject
Project("{FAE04EC0-301F-11D3-BF4B-00C04F79EFBC}") = "Day03", "src\Day03\Day03.csproj", "{3D2342F6-F439-4069-A051-6360A2DEE6C0}"
EndProject
Project("{FAE04EC0-301F-11D3-BF4B-00C04F79EFBC}") = "Day03.Tests", "test\Day03.Tests\Day03.Tests.csproj", "{0B173E51-296E-40D2-B31B-22FAF259FF05}"
EndProject
Project("{FAE04EC0-301F-11D3-BF4B-00C04F79EFBC}") = "Day04", "src\Day04\Day04.csproj", "{04C4AF49-D5C0-4F53-81AB-49AC378BBB32}"
EndProject
Project("{FAE04EC0-301F-11D3-BF4B-00C04F79EFBC}") = "Day04.Tests", "test\Day04.Tests\Day04.Tests.csproj", "{86FB22DF-DB55-405C-A238-BEFF6E871461}"
EndProject
Project("{FAE04EC0-301F-11D3-BF4B-00C04F79EFBC}") = "Day05", "src\Day05\Day05.csproj", "{2A75EFE7-7C24-42A9-B08C-79209433C375}"
EndProject
Project("{FAE04EC0-301F-11D3-BF4B-00C04F79EFBC}") = "Day05.Tests", "test\Day05.Tests\Day05.Tests.csproj", "{4DFFF739-E925-4D40-837C-99CF8A8CB01A}"
EndProject
Global
	GlobalSection(SolutionConfigurationPlatforms) = preSolution
		Debug|Any CPU = Debug|Any CPU
		Release|Any CPU = Release|Any CPU
	EndGlobalSection
	GlobalSection(ProjectConfigurationPlatforms) = postSolution
		{96E318FC-393A-40DA-A12C-B814A6D45963}.Debug|Any CPU.ActiveCfg = Debug|Any CPU
		{96E318FC-393A-40DA-A12C-B814A6D45963}.Debug|Any CPU.Build.0 = Debug|Any CPU
		{96E318FC-393A-40DA-A12C-B814A6D45963}.Release|Any CPU.ActiveCfg = Release|Any CPU
		{96E318FC-393A-40DA-A12C-B814A6D45963}.Release|Any CPU.Build.0 = Release|Any CPU
		{00C71EDF-F837-4A15-AC52-8112808ACDA8}.Debug|Any CPU.ActiveCfg = Debug|Any CPU
		{00C71EDF-F837-4A15-AC52-8112808ACDA8}.Debug|Any CPU.Build.0 = Debug|Any CPU
		{00C71EDF-F837-4A15-AC52-8112808ACDA8}.Release|Any CPU.ActiveCfg = Release|Any CPU
		{00C71EDF-F837-4A15-AC52-8112808ACDA8}.Release|Any CPU.Build.0 = Release|Any CPU
		{C9D46B65-67A7-435F-A3A1-1141811AD1B0}.Debug|Any CPU.ActiveCfg = Debug|Any CPU
		{C9D46B65-67A7-435F-A3A1-1141811AD1B0}.Debug|Any CPU.Build.0 = Debug|Any CPU
		{C9D46B65-67A7-435F-A3A1-1141811AD1B0}.Release|Any CPU.ActiveCfg = Release|Any CPU
		{C9D46B65-67A7-435F-A3A1-1141811AD1B0}.Release|Any CPU.Build.0 = Release|Any CPU
		{0FF0EB89-CA64-48A4-A1E8-94305BED6C21}.Debug|Any CPU.ActiveCfg = Debug|Any CPU
		{0FF0EB89-CA64-48A4-A1E8-94305BED6C21}.Debug|Any CPU.Build.0 = Debug|Any CPU
		{0FF0EB89-CA64-48A4-A1E8-94305BED6C21}.Release|Any CPU.ActiveCfg = Release|Any CPU
		{0FF0EB89-CA64-48A4-A1E8-94305BED6C21}.Release|Any CPU.Build.0 = Release|Any CPU
		{3D2342F6-F439-4069-A051-6360A2DEE6C0}.Debug|Any CPU.ActiveCfg = Debug|Any CPU
		{3D2342F6-F439-4069-A051-6360A2DEE6C0}.Debug|Any CPU.Build.0 = Debug|Any CPU
		{3D2342F6-F439-4069-A051-6360A2DEE6C0}.Release|Any CPU.ActiveCfg = Release|Any CPU
		{3D2342F6-F439-4069-A051-6360A2DEE6C0}.Release|Any CPU.Build.0 = Release|Any CPU
		{0B173E51-296E-40D2-B31B-22FAF259FF05}.Debug|Any CPU.ActiveCfg = Debug|Any CPU
		{0B173E51-296E-40D2-B31B-22FAF259FF05}.Debug|Any CPU.Build.0 = Debug|Any CPU
		{0B173E51-296E-40D2-B31B-22FAF259FF05}.Release|Any CPU.ActiveCfg = Release|Any CPU
		{0B173E51-296E-40D2-B31B-22FAF259FF05}.Release|Any CPU.Build.0 = Release|Any CPU
		{04C4AF49-D5C0-4F53-81AB-49AC378BBB32}.Debug|Any CPU.ActiveCfg = Debug|Any CPU
		{04C4AF49-D5C0-4F53-81AB-49AC378BBB32}.Debug|Any CPU.Build.0 = Debug|Any CPU
		{04C4AF49-D5C0-4F53-81AB-49AC378BBB32}.Release|Any CPU.ActiveCfg = Release|Any CPU
		{04C4AF49-D5C0-4F53-81AB-49AC378BBB32}.Release|Any CPU.Build.0 = Release|Any CPU
		{86FB22DF-DB55-405C-A238-BEFF6E871461}.Debug|Any CPU.ActiveCfg = Debug|Any CPU
		{86FB22DF-DB55-405C-A238-BEFF6E871461}.Debug|Any CPU.Build.0 = Debug|Any CPU
		{86FB22DF-DB55-405C-A238-BEFF6E871461}.Release|Any CPU.ActiveCfg = Release|Any CPU
		{86FB22DF-DB55-405C-A238-BEFF6E871461}.Release|Any CPU.Build.0 = Release|Any CPU
		{2A75EFE7-7C24-42A9-B08C-79209433C375}.Debug|Any CPU.ActiveCfg = Debug|Any CPU
		{2A75EFE7-7C24-42A9-B08C-79209433C375}.Debug|Any CPU.Build.0 = Debug|Any CPU
		{2A75EFE7-7C24-42A9-B08C-79209433C375}.Release|Any CPU.ActiveCfg = Release|Any CPU
		{2A75EFE7-7C24-42A9-B08C-79209433C375}.Release|Any CPU.Build.0 = Release|Any CPU
		{4DFFF739-E925-4D40-837C-99CF8A8CB01A}.Debug|Any CPU.ActiveCfg = Debug|Any CPU
		{4DFFF739-E925-4D40-837C-99CF8A8CB01A}.Debug|Any CPU.Build.0 = Debug|Any CPU
		{4DFFF739-E925-4D40-837C-99CF8A8CB01A}.Release|Any CPU.ActiveCfg = Release|Any CPU
		{4DFFF739-E925-4D40-837C-99CF8A8CB01A}.Release|Any CPU.Build.0 = Release|Any CPU
	EndGlobalSection
	GlobalSection(NestedProjects) = preSolution
		{96E318FC-393A-40DA-A12C-B814A6D45963} = {15095B91-DE4D-4775-9C2F-3E1BDA75D218}
		{00C71EDF-F837-4A15-AC52-8112808ACDA8} = {1AB9CFD5-821E-47D3-8C9B-763DE9227ABC}
		{C9D46B65-67A7-435F-A3A1-1141811AD1B0} = {1AB9CFD5-821E-47D3-8C9B-763DE9227ABC}
		{0FF0EB89-CA64-48A4-A1E8-94305BED6C21} = {15095B91-DE4D-4775-9C2F-3E1BDA75D218}
		{3D2342F6-F439-4069-A051-6360A2DEE6C0} = {1AB9CFD5-821E-47D3-8C9B-763DE9227ABC}
		{0B173E51-296E-40D2-B31B-22FAF259FF05} = {15095B91-DE4D-4775-9C2F-3E1BDA75D218}
		{04C4AF49-D5C0-4F53-81AB-49AC378BBB32} = {1AB9CFD5-821E-47D3-8C9B-763DE9227ABC}
		{86FB22DF-DB55-405C-A238-BEFF6E871461} = {15095B91-DE4D-4775-9C2F-3E1BDA75D218}
		{2A75EFE7-7C24-42A9-B08C-79209433C375} = {1AB9CFD5-821E-47D3-8C9B-763DE9227ABC}
		{4DFFF739-E925-4D40-837C-99CF8A8CB01A} = {15095B91-DE4D-4775-9C2F-3E1BDA75D218}
	EndGlobalSection
EndGlobal
